
Microsoft Visual Studio Solution File, Format Version 12.00
# Visual Studio Version 17
VisualStudioVersion = 17.8.34525.116
MinimumVisualStudioVersion = 10.0.40219.1
Project("{9A19103F-16F7-4668-BE54-9A1E7A4F7556}") = "WEB API", "WEB API\WEB API.csproj", "{EC5E04AB-5527-492A-B259-126F7FC464F2}"
EndProject
Project("{9A19103F-16F7-4668-BE54-9A1E7A4F7556}") = "Datenbank", "..\Program\Datenbank\Datenbank.csproj", "{40CFADE7-2AB8-4138-A616-41D58C0FFD4D}"
EndProject
Project("{FAE04EC0-301F-11D3-BF4B-00C04F79EFBC}") = "SQL Library", "SQL Library\SQL Library.csproj", "{06E690F9-905B-44F3-9DDE-E47AC5084805}"
EndProject
Global
	GlobalSection(SolutionConfigurationPlatforms) = preSolution
		Debug|Any CPU = Debug|Any CPU
		Release|Any CPU = Release|Any CPU
	EndGlobalSection
	GlobalSection(ProjectConfigurationPlatforms) = postSolution
		{EC5E04AB-5527-492A-B259-126F7FC464F2}.Debug|Any CPU.ActiveCfg = Debug|Any CPU
		{EC5E04AB-5527-492A-B259-126F7FC464F2}.Debug|Any CPU.Build.0 = Debug|Any CPU
		{EC5E04AB-5527-492A-B259-126F7FC464F2}.Release|Any CPU.ActiveCfg = Release|Any CPU
		{EC5E04AB-5527-492A-B259-126F7FC464F2}.Release|Any CPU.Build.0 = Release|Any CPU
		{40CFADE7-2AB8-4138-A616-41D58C0FFD4D}.Debug|Any CPU.ActiveCfg = Debug|Any CPU
		{40CFADE7-2AB8-4138-A616-41D58C0FFD4D}.Debug|Any CPU.Build.0 = Debug|Any CPU
		{40CFADE7-2AB8-4138-A616-41D58C0FFD4D}.Release|Any CPU.ActiveCfg = Release|Any CPU
		{40CFADE7-2AB8-4138-A616-41D58C0FFD4D}.Release|Any CPU.Build.0 = Release|Any CPU
		{06E690F9-905B-44F3-9DDE-E47AC5084805}.Debug|Any CPU.ActiveCfg = Debug|Any CPU
		{06E690F9-905B-44F3-9DDE-E47AC5084805}.Debug|Any CPU.Build.0 = Debug|Any CPU
		{06E690F9-905B-44F3-9DDE-E47AC5084805}.Release|Any CPU.ActiveCfg = Release|Any CPU
		{06E690F9-905B-44F3-9DDE-E47AC5084805}.Release|Any CPU.Build.0 = Release|Any CPU
	EndGlobalSection
	GlobalSection(SolutionProperties) = preSolution
		HideSolutionNode = FALSE
	EndGlobalSection
	GlobalSection(ExtensibilityGlobals) = postSolution
		SolutionGuid = {0CD020F4-D9A9-4953-96A2-A852D01E4016}
	EndGlobalSection
EndGlobal
